
Microsoft Visual Studio Solution File, Format Version 9.00
# Visual Studio 2005
Project("{FAE04EC0-301F-11D3-BF4B-00C04F79EFBC}") = "SmsModule", "SmsModule\SmsModule.csproj", "{3D820876-939A-4665-9360-2C330FCED64F}"
EndProject
Global
	GlobalSection(SolutionConfigurationPlatforms) = preSolution
		Debug|Any CPU = Debug|Any CPU
		Release|Any CPU = Release|Any CPU
	EndGlobalSection
	GlobalSection(ProjectConfigurationPlatforms) = postSolution
		{3D820876-939A-4665-9360-2C330FCED64F}.Debug|Any CPU.ActiveCfg = Debug|Any CPU
		{3D820876-939A-4665-9360-2C330FCED64F}.Debug|Any CPU.Build.0 = Debug|Any CPU
		{3D820876-939A-4665-9360-2C330FCED64F}.Release|Any CPU.ActiveCfg = Release|Any CPU
		{3D820876-939A-4665-9360-2C330FCED64F}.Release|Any CPU.Build.0 = Release|Any CPU
	EndGlobalSection
	GlobalSection(SolutionProperties) = preSolution
		HideSolutionNode = FALSE
	EndGlobalSection
EndGlobal
